
Microsoft Visual Studio Solution File, Format Version 12.00
# Visual Studio Version 16
VisualStudioVersion = 16.0.31205.134
MinimumVisualStudioVersion = 10.0.40219.1
Project("{FAE04EC0-301F-11D3-BF4B-00C04F79EFBC}") = "Score_Calculator", "Score_Calculator\Score_Calculator.csproj", "{02A4C3BA-909A-4CC5-81FB-23506AD1729D}"
EndProject
Project("{FAE04EC0-301F-11D3-BF4B-00C04F79EFBC}") = "Score_Calculator.UnitTests", "Score_Calculator.UnitTests\Score_Calculator.UnitTests.csproj", "{59869BA0-8CF9-4EED-9CB4-57280706C8AC}"
EndProject
Global
	GlobalSection(SolutionConfigurationPlatforms) = preSolution
		Debug|Any CPU = Debug|Any CPU
		Release|Any CPU = Release|Any CPU
	EndGlobalSection
	GlobalSection(ProjectConfigurationPlatforms) = postSolution
		{02A4C3BA-909A-4CC5-81FB-23506AD1729D}.Debug|Any CPU.ActiveCfg = Debug|Any CPU
		{02A4C3BA-909A-4CC5-81FB-23506AD1729D}.Debug|Any CPU.Build.0 = Debug|Any CPU
		{02A4C3BA-909A-4CC5-81FB-23506AD1729D}.Release|Any CPU.ActiveCfg = Release|Any CPU
		{02A4C3BA-909A-4CC5-81FB-23506AD1729D}.Release|Any CPU.Build.0 = Release|Any CPU
		{59869BA0-8CF9-4EED-9CB4-57280706C8AC}.Debug|Any CPU.ActiveCfg = Debug|Any CPU
		{59869BA0-8CF9-4EED-9CB4-57280706C8AC}.Debug|Any CPU.Build.0 = Debug|Any CPU
		{59869BA0-8CF9-4EED-9CB4-57280706C8AC}.Release|Any CPU.ActiveCfg = Release|Any CPU
		{59869BA0-8CF9-4EED-9CB4-57280706C8AC}.Release|Any CPU.Build.0 = Release|Any CPU
	EndGlobalSection
	GlobalSection(SolutionProperties) = preSolution
		HideSolutionNode = FALSE
	EndGlobalSection
	GlobalSection(ExtensibilityGlobals) = postSolution
		SolutionGuid = {3F065078-18BF-4E8C-A71B-7AC6A858E857}
	EndGlobalSection
EndGlobal
